altair==5.5.0
annotated-doc==0.0.4
annotated-types==0.7.0
anyio==4.14.1
attrs==26.1.0
azure-ai-contentunderstanding==1.2.0b2
azure-ai-documentintelligence==1.0.2
azure-core==1.41.0
azure-identity==1.25.3
bcrypt==5.0.0
beautifulsoup4==4.15.0
blinker==1.9.0
cachetools==6.2.6
certifi==2026.6.17
cffi==2.1.0
chardet==5.2.0
charset-normalizer==3.4.9
click==8.4.2
cobble==0.1.4
cryptography==49.0.0
defusedxml==0.7.1
deprecation==2.1.0
distro==1.9.0
et_xmlfile==2.0.0
fastapi==0.128.8
fastembed==0.7.4
filelock==3.29.6
filetype==1.2.0
flatbuffers==25.12.19
fonttools==4.63.0
fpdf2==2.8.4
fsspec==2026.6.0
gitdb==4.0.12
GitPython==3.1.50
groq==1.0.0
h11==0.16.0
h2==4.3.0
hf-xet==1.5.1
hpack==4.2.0
httpcore==1.0.9
httptools==0.8.0
httpx==0.28.1
httpx-sse==0.4.3
huggingface_hub==1.22.0
hyperframe==6.1.0
idna==3.18
iniconfig==2.3.0
isodate==0.7.2
Jinja2==3.1.6
jsonschema==4.26.0
jsonschema-specifications==2025.9.1
loguru==0.7.3
lxml==6.1.1
magika==0.6.3
mammoth==1.11.0
markdownify==1.2.3
markitdown==0.1.6
markitdown-mcp==0.0.1a4
MarkupSafe==3.0.3
mcp==1.8.1
mmh3==5.2.1
msal==1.37.0
msal-extensions==1.3.1
multidict==6.7.1
narwhals==2.23.0
numpy==2.4.6
olefile==0.47
onnxruntime==1.27.0
openpyxl==3.1.5
packaging==25.0
pandas==2.3.3
passlib==1.7.4
pdfminer.six==20251230
pdfplumber==0.11.9
pillow==11.3.0
pluggy==1.6.0
postgrest==2.31.0
propcache==0.5.2
protobuf==6.33.6
py_rust_stemmers==0.1.8
pyarrow==24.0.0
pycparser==3.0
pydantic==2.13.4
pydantic-settings==2.11.0
pydantic_core==2.46.4
pydeck==0.9.3
pydub==0.25.1
Pygments==2.20.0
PyJWT==2.13.0
PyMuPDF==1.26.5
pypdfium2==5.11.0
pytest==8.4.2
pytest-asyncio==0.24.0
python-dateutil==2.9.0.post0
python-dotenv==1.2.1
python-multipart==0.0.20
python-pptx==1.0.2
pytz==2026.2
PyYAML==6.0.3
realtime==2.31.0
referencing==0.37.0
requests==2.32.5
rpds-py==2026.6.3
six==1.17.0
smmap==5.0.3
sniffio==1.3.1
soupsieve==2.8.4
SpeechRecognition==3.17.0
sse-starlette==3.4.5
starlette==0.52.1
storage3==2.31.0
streamlit==1.50.0
StrEnum==0.4.15
supabase==2.31.0
supabase-auth==2.31.0
supabase-functions==2.31.0
tenacity==9.1.4
tokenizers==0.23.1
toml==0.10.2
tornado==6.5.7
tqdm==4.68.4
typing-inspection==0.4.2
typing_extensions==4.16.0
tzdata==2026.2
urllib3==2.7.0
uvicorn==0.39.0
uvloop==0.22.1
watchfiles==1.2.0
websockets==15.0.1
xlrd==2.0.2
xlsxwriter==3.2.9
yarl==1.24.2
youtube-transcript-api==1.0.3
